
Microsoft Visual Studio Solution File, Format Version 12.00
# Visual Studio Version 17
VisualStudioVersion = 17.14.36623.8 d17.14
MinimumVisualStudioVersion = 10.0.40219.1
Project("{FAE04EC0-301F-11D3-BF4B-00C04F79EFBC}") = "SistemaControlProductos", "SistemaControlProductos.csproj", "{3A801319-694A-40C5-860E-28D4EDC91358}"
EndProject
Global
	GlobalSection(SolutionConfigurationPlatforms) = preSolution
		Debug|Any CPU = Debug|Any CPU
		Release|Any CPU = Release|Any CPU
	EndGlobalSection
	GlobalSection(ProjectConfigurationPlatforms) = postSolution
		{3A801319-694A-40C5-860E-28D4EDC91358}.Debug|Any CPU.ActiveCfg = Debug|Any CPU
		{3A801319-694A-40C5-860E-28D4EDC91358}.Debug|Any CPU.Build.0 = Debug|Any CPU
		{3A801319-694A-40C5-860E-28D4EDC91358}.Release|Any CPU.ActiveCfg = Release|Any CPU
		{3A801319-694A-40C5-860E-28D4EDC91358}.Release|Any CPU.Build.0 = Release|Any CPU
	EndGlobalSection
	GlobalSection(SolutionProperties) = preSolution
		HideSolutionNode = FALSE
	EndGlobalSection
	GlobalSection(ExtensibilityGlobals) = postSolution
		SolutionGuid = {5D18C9B4-58C5-4293-8276-B34CF23A69E7}
	EndGlobalSection
EndGlobal
